
Microsoft Visual Studio Solution File, Format Version 12.00
# Visual Studio Version 17
VisualStudioVersion = 17.5.002.0
MinimumVisualStudioVersion = 10.0.40219.1
Project("{9A19103F-16F7-4668-BE54-9A1E7A4F7556}") = "scc", "scc.csproj", "{104BC990-6910-42D4-8288-4E2262E56B2C}"
EndProject
Global
	GlobalSection(SolutionConfigurationPlatforms) = preSolution
		Debug|Any CPU = Debug|Any CPU
		Release|Any CPU = Release|Any CPU
	EndGlobalSection
	GlobalSection(ProjectConfigurationPlatforms) = postSolution
		{104BC990-6910-42D4-8288-4E2262E56B2C}.Debug|Any CPU.ActiveCfg = Debug|Any CPU
		{104BC990-6910-42D4-8288-4E2262E56B2C}.Debug|Any CPU.Build.0 = Debug|Any CPU
		{104BC990-6910-42D4-8288-4E2262E56B2C}.Release|Any CPU.ActiveCfg = Release|Any CPU
		{104BC990-6910-42D4-8288-4E2262E56B2C}.Release|Any CPU.Build.0 = Release|Any CPU
	EndGlobalSection
	GlobalSection(SolutionProperties) = preSolution
		HideSolutionNode = FALSE
	EndGlobalSection
	GlobalSection(ExtensibilityGlobals) = postSolution
		SolutionGuid = {738C3991-4098-4E4E-86C4-9D8D56D02E70}
	EndGlobalSection
EndGlobal
